// !$*UTF8*$!
{
	archiveVersion = 1;
	classes = {
	};
	objectVersion = 77;
	objects = {

/* Begin PBXContainerItemProxy section */
		B3C467D42E3E914200BA6142 /* PBXContainerItemProxy */ = {
			isa = PBXContainerItemProxy;
			containerPortal = B3C467BE2E3E914000BA6142 /* Project object */;
			proxyType = 1;
			remoteGlobalIDString = B3C467C52E3E914000BA6142;
			remoteInfo = UalaChallenge;
		};
		B3C467DE2E3E914200BA6142 /* PBXContainerItemProxy */ = {
			isa = PBXContainerItemProxy;
			containerPortal = B3C467BE2E3E914000BA6142 /* Project object */;
			proxyType = 1;
			remoteGlobalIDString = B3C467C52E3E914000BA6142;
			remoteInfo = UalaChallenge;
		};
/* End PBXContainerItemProxy section */

/* Begin PBXFileReference section */
		B3C467C62E3E914000BA6142 /* UalaChallenge.app */ = {isa = PBXFileReference; explicitFileType = wrapper.application; includeInIndex = 0; path = UalaChallenge.app; sourceTree = BUILT_PRODUCTS_DIR; };
		B3C467D32E3E914200BA6142 /* UalaChallengeTests.xctest */ = {isa = PBXFileReference; explicitFileType = wrapper.cfbundle; includeInIndex = 0; path = UalaChallengeTests.xctest; sourceTree = BUILT_PRODUCTS_DIR; };
		B3C467DD2E3E914200BA6142 /* UalaChallengeUITests.xctest */ = {isa = PBXFileReference; explicitFileType = wrapper.cfbundle; includeInIndex = 0; path = UalaChallengeUITests.xctest; sourceTree = BUILT_PRODUCTS_DIR; };
/* End PBXFileReference section */

/* Begin PBXFileSystemSynchronizedRootGroup section */
		B3C467C82E3E914000BA6142 /* UalaChallenge */ = {
			isa = PBXFileSystemSynchronizedRootGroup;
			path = UalaChallenge;
			sourceTree = "<group>";
		};
		B3C467D62E3E914200BA6142 /* UalaChallengeTests */ = {
			isa = PBXFileSystemSynchronizedRootGroup;
			path = UalaChallengeTests;
			sourceTree = "<group>";
		};
		B3C467E02E3E914200BA6142 /* UalaChallengeUITests */ = {
			isa = PBXFileSystemSynchronizedRootGroup;
			path = UalaChallengeUITests;
			sourceTree = "<group>";
		};
/* End PBXFileSystemSynchronizedRootGroup section */

/* Begin PBXFrameworksBuildPhase section */
		B3C467C32E3E914000BA6142 /* Frameworks */ = {
			isa = PBXFrameworksBuildPhase;
			buildActionMask = 2147483647;
			files = (
			);
			runOnlyForDeploymentPostprocessing = 0;
		};
		B3C467D02E3E914200BA6142 /* Frameworks */ = {
			isa = PBXFrameworksBuildPhase;
			buildActionMask = 2147483647;
			files = (
			);
			runOnlyForDeploymentPostprocessing = 0;
		};
		B3C467DA2E3E914200BA6142 /* Frameworks */ = {
			isa = PBXFrameworksBuildPhase;
			buildActionMask = 2147483647;
			files = (
			);
			runOnlyForDeploymentPostprocessing = 0;
		};
/* End PBXFrameworksBuildPhase section */

/* Begin PBXGroup section */
		B3C467BD2E3E914000BA6142 = {
			isa = PBXGroup;
			children = (
				B3C467C82E3E914000BA6142 /* UalaChallenge */,
				B3C467D62E3E914200BA6142 /* UalaChallengeTests */,
				B3C467E02E3E914200BA6142 /* UalaChallengeUITests */,
				B3C467C72E3E914000BA6142 /* Products */,
			);
			sourceTree = "<group>";
		};
		B3C467C72E3E914000BA6142 /* Products */ = {
			isa = PBXGroup;
			children = (
				B3C467C62E3E914000BA6142 /* UalaChallenge.app */,
				B3C467D32E3E914200BA6142 /* UalaChallengeTests.xctest */,
				B3C467DD2E3E914200BA6142 /* UalaChallengeUITests.xctest */,
			);
			name = Products;
			sourceTree = "<group>";
		};
/* End PBXGroup section */

/* Begin PBXNativeTarget section */
		B3C467C52E3E914000BA6142 /* UalaChallenge */ = {
			isa = PBXNativeTarget;
			buildConfigurationList = B3C467E72E3E914200BA6142 /* Build configuration list for PBXNativeTarget "UalaChallenge" */;
			buildPhases = (
				B3C467C22E3E914000BA6142 /* Sources */,
				B3C467C32E3E914000BA6142 /* Frameworks */,
				B3C467C42E3E914000BA6142 /* Resources */,
			);
			buildRules = (
			);
			dependencies = (
			);
			fileSystemSynchronizedGroups = (
				B3C467C82E3E914000BA6142 /* UalaChallenge */,
			);
			name = UalaChallenge;
			packageProductDependencies = (
			);
			productName = UalaChallenge;
			productReference = B3C467C62E3E914000BA6142 /* UalaChallenge.app */;
			productType = "com.apple.product-type.application";
		};
		B3C467D22E3E914200BA6142 /* UalaChallengeTests */ = {
			isa = PBXNativeTarget;
			buildConfigurationList = B3C467EA2E3E914200BA6142 /* Build configuration list for PBXNativeTarget "UalaChallengeTests" */;
			buildPhases = (
				B3C467CF2E3E914200BA6142 /* Sources */,
				B3C467D02E3E914200BA6142 /* Frameworks */,
				B3C467D12E3E914200BA6142 /* Resources */,
			);
			buildRules = (
			);
			dependencies = (
				B3C467D52E3E914200BA6142 /* PBXTargetDependency */,
			);
			fileSystemSynchronizedGroups = (
				B3C467D62E3E914200BA6142 /* UalaChallengeTests */,
			);
			name = UalaChallengeTests;
			packageProductDependencies = (
			);
			productName = UalaChallengeTests;
			productReference = B3C467D32E3E914200BA6142 /* UalaChallengeTests.xctest */;
			productType = "com.apple.product-type.bundle.unit-test";
		};
		B3C467DC2E3E914200BA6142 /* UalaChallengeUITests */ = {
			isa = PBXNativeTarget;
			buildConfigurationList = B3C467ED2E3E914200BA6142 /* Build configuration list for PBXNativeTarget "UalaChallengeUITests" */;
			buildPhases = (
				B3C467D92E3E914200BA6142 /* Sources */,
				B3C467DA2E3E914200BA6142 /* Frameworks */,
				B3C467DB2E3E914200BA6142 /* Resources */,
			);
			buildRules = (
			);
			dependencies = (
				B3C467DF2E3E914200BA6142 /* PBXTargetDependency */,
			);
			fileSystemSynchronizedGroups = (
				B3C467E02E3E914200BA6142 /* UalaChallengeUITests */,
			);
			name = UalaChallengeUITests;
			packageProductDependencies = (
			);
			productName = UalaChallengeUITests;
			productReference = B3C467DD2E3E914200BA6142 /* UalaChallengeUITests.xctest */;
			productType = "com.apple.product-type.bundle.ui-testing";
		};
/* End PBXNativeTarget section */

/* Begin PBXProject section */
		B3C467BE2E3E914000BA6142 /* Project object */ = {
			isa = PBXProject;
			attributes = {
				BuildIndependentTargetsInParallel = 1;
				LastSwiftUpdateCheck = 1630;
				LastUpgradeCheck = 1630;
				TargetAttributes = {
					B3C467C52E3E914000BA6142 = {
						CreatedOnToolsVersion = 16.3;
					};
					B3C467D22E3E914200BA6142 = {
						CreatedOnToolsVersion = 16.3;
						TestTargetID = B3C467C52E3E914000BA6142;
					};
					B3C467DC2E3E914200BA6142 = {
						CreatedOnToolsVersion = 16.3;
						TestTargetID = B3C467C52E3E914000BA6142;
					};
				};
			};
			buildConfigurationList = B3C467C12E3E914000BA6142 /* Build configuration list for PBXProject "UalaChallenge" */;
			developmentRegion = en;
			hasScannedForEncodings = 0;
			knownRegions = (
				en,
				Base,
			);
			mainGroup = B3C467BD2E3E914000BA6142;
			minimizedProjectReferenceProxies = 1;
			preferredProjectObjectVersion = 77;
			productRefGroup = B3C467C72E3E914000BA6142 /* Products */;
			projectDirPath = "";
			projectRoot = "";
			targets = (
				B3C467C52E3E914000BA6142 /* UalaChallenge */,
				B3C467D22E3E914200BA6142 /* UalaChallengeTests */,
				B3C467DC2E3E914200BA6142 /* UalaChallengeUITests */,
			);
		};
/* End PBXProject section */

/* Begin PBXResourcesBuildPhase section */
		B3C467C42E3E914000BA6142 /* Resources */ = {
			isa = PBXResourcesBuildPhase;
			buildActionMask = 2147483647;
			files = (
			);
			runOnlyForDeploymentPostprocessing = 0;
		};
		B3C467D12E3E914200BA6142 /* Resources */ = {
			isa = PBXResourcesBuildPhase;
			buildActionMask = 2147483647;
			files = (
			);
			runOnlyForDeploymentPostprocessing = 0;
		};
		B3C467DB2E3E914200BA6142 /* Resources */ = {
			isa = PBXResourcesBuildPhase;
			buildActionMask = 2147483647;
			files = (
			);
			runOnlyForDeploymentPostprocessing = 0;
		};
/* End PBXResourcesBuildPhase section */

/* Begin PBXSourcesBuildPhase section */
		B3C467C22E3E914000BA6142 /* Sources */ = {
			isa = PBXSourcesBuildPhase;
			buildActionMask = 2147483647;
			files = (
			);
			runOnlyForDeploymentPostprocessing = 0;
		};
		B3C467CF2E3E914200BA6142 /* Sources */ = {
			isa = PBXSourcesBuildPhase;
			buildActionMask = 2147483647;
			files = (
			);
			runOnlyForDeploymentPostprocessing = 0;
		};
		B3C467D92E3E914200BA6142 /* Sources */ = {
			isa = PBXSourcesBuildPhase;
			buildActionMask = 2147483647;
			files = (
			);
			runOnlyForDeploymentPostprocessing = 0;
		};
/* End PBXSourcesBuildPhase section */

/* Begin PBXTargetDependency section */
		B3C467D52E3E914200BA6142 /* PBXTargetDependency */ = {
			isa = PBXTargetDependency;
			target = B3C467C52E3E914000BA6142 /* UalaChallenge */;
			targetProxy = B3C467D42E3E914200BA6142 /* PBXContainerItemProxy */;
		};
		B3C467DF2E3E914200BA6142 /* PBXTargetDependency */ = {
			isa = PBXTargetDependency;
			target = B3C467C52E3E914000BA6142 /* UalaChallenge */;
			targetProxy = B3C467DE2E3E914200BA6142 /* PBXContainerItemProxy */;
		};
/* End PBXTargetDependency section */

/* Begin XCBuildConfiguration section */
		B3C467E52E3E914200BA6142 /* Debug */ = {
			isa = XCBuildConfiguration;
			buildSettings = {
				ALWAYS_SEARCH_USER_PATHS = NO;
				ASSETCATALOG_COMPILER_GENERATE_SWIFT_ASSET_SYMBOL_EXTENSIONS = YES;
				CLANG_ANALYZER_NONNULL = YES;
				CLANG_ANALYZER_NUMBER_OBJECT_CONVERSION = YES_AGGRESSIVE;
				CLANG_CXX_LANGUAGE_STANDARD = "gnu++20";
				CLANG_ENABLE_MODULES = YES;
				CLANG_ENABLE_OBJC_ARC = YES;
				CLANG_ENABLE_OBJC_WEAK = YES;
				CLANG_WARN_BLOCK_CAPTURE_AUTORELEASING = YES;
				CLANG_WARN_BOOL_CONVERSION = YES;
				CLANG_WARN_COMMA = YES;
				CLANG_WARN_CONSTANT_CONVERSION = YES;
				CLANG_WARN_DEPRECATED_OBJC_IMPLEMENTATIONS = YES;
				CLANG_WARN_DIRECT_OBJC_ISA_USAGE = YES_ERROR;
				CLANG_WARN_DOCUMENTATION_COMMENTS = YES;
				CLANG_WARN_EMPTY_BODY = YES;
				CLANG_WARN_ENUM_CONVERSION = YES;
				CLANG_WARN_INFINITE_RECURSION = YES;
				CLANG_WARN_INT_CONVERSION = YES;
				CLANG_WARN_NON_LITERAL_NULL_CONVERSION = YES;
				CLANG_WARN_OBJC_IMPLICIT_RETAIN_SELF = YES;
				CLANG_WARN_OBJC_LITERAL_CONVERSION = YES;
				CLANG_WARN_OBJC_ROOT_CLASS = YES_ERROR;
				CLANG_WARN_QUOTED_INCLUDE_IN_FRAMEWORK_HEADER = YES;
				CLANG_WARN_RANGE_LOOP_ANALYSIS = YES;
				CLANG_WARN_STRICT_PROTOTYPES = YES;
				CLANG_WARN_SUSPICIOUS_MOVE = YES;
				CLANG_WARN_UNGUARDED_AVAILABILITY = YES_AGGRESSIVE;
				CLANG_WARN_UNREACHABLE_CODE = YES;
				CLANG_WARN__DUPLICATE_METHOD_MATCH = YES;
				COPY_PHASE_STRIP = NO;
				DEBUG_INFORMATION_FORMAT = dwarf;
				DEVELOPMENT_TEAM = PHF24UBX82;
				ENABLE_STRICT_OBJC_MSGSEND = YES;
				ENABLE_TESTABILITY = YES;
				ENABLE_USER_SCRIPT_SANDBOXING = YES;
				GCC_C_LANGUAGE_STANDARD = gnu17;
				GCC_DYNAMIC_NO_PIC = NO;
				GCC_NO_COMMON_BLOCKS = YES;
				GCC_OPTIMIZATION_LEVEL = 0;
				GCC_PREPROCESSOR_DEFINITIONS = (
					"DEBUG=1",
					"$(inherited)",
				);
				GCC_WARN_64_TO_32_BIT_CONVERSION = YES;
				GCC_WARN_ABOUT_RETURN_TYPE = YES_ERROR;
				GCC_WARN_UNDECLARED_SELECTOR = YES;
				GCC_WARN_UNINITIALIZED_AUTOS = YES_AGGRESSIVE;
				GCC_WARN_UNUSED_FUNCTION = YES;
				GCC_WARN_UNUSED_VARIABLE = YES;
				IPHONEOS_DEPLOYMENT_TARGET = 18.4;
				LOCALIZATION_PREFERS_STRING_CATALOGS = YES;
				MTL_ENABLE_DEBUG_INFO = INCLUDE_SOURCE;
				MTL_FAST_MATH = YES;
				ONLY_ACTIVE_ARCH = YES;
				SDKROOT = iphoneos;
				SWIFT_ACTIVE_COMPILATION_CONDITIONS = "DEBUG $(inherited)";
				SWIFT_OPTIMIZATION_LEVEL = "-Onone";
			};
			name = Debug;
		};
		B3C467E62E3E914200BA6142 /* Release */ = {
			isa = XCBuildConfiguration;
			buildSettings = {
				ALWAYS_SEARCH_USER_PATHS = NO;
				ASSETCATALOG_COMPILER_GENERATE_SWIFT_ASSET_SYMBOL_EXTENSIONS = YES;
				CLANG_ANALYZER_NONNULL = YES;
				CLANG_ANALYZER_NUMBER_OBJECT_CONVERSION = YES_AGGRESSIVE;
				CLANG_CXX_LANGUAGE_STANDARD = "gnu++20";
				CLANG_ENABLE_MODULES = YES;
				CLANG_ENABLE_OBJC_ARC = YES;
				CLANG_ENABLE_OBJC_WEAK = YES;
				CLANG_WARN_BLOCK_CAPTURE_AUTORELEASING = YES;
				CLANG_WARN_BOOL_CONVERSION = YES;
				CLANG_WARN_COMMA = YES;
				CLANG_WARN_CONSTANT_CONVERSION = YES;
				CLANG_WARN_DEPRECATED_OBJC_IMPLEMENTATIONS = YES;
				CLANG_WARN_DIRECT_OBJC_ISA_USAGE = YES_ERROR;
				CLANG_WARN_DOCUMENTATION_COMMENTS = YES;
				CLANG_WARN_EMPTY_BODY = YES;
				CLANG_WARN_ENUM_CONVERSION = YES;
				CLANG_WARN_INFINITE_RECURSION = YES;
				CLANG_WARN_INT_CONVERSION = YES;
				CLANG_WARN_NON_LITERAL_NULL_CONVERSION = YES;
				CLANG_WARN_OBJC_IMPLICIT_RETAIN_SELF = YES;
				CLANG_WARN_OBJC_LITERAL_CONVERSION = YES;
				CLANG_WARN_OBJC_ROOT_CLASS = YES_ERROR;
				CLANG_WARN_QUOTED_INCLUDE_IN_FRAMEWORK_HEADER = YES;
				CLANG_WARN_RANGE_LOOP_ANALYSIS = YES;
				CLANG_WARN_STRICT_PROTOTYPES = YES;
				CLANG_WARN_SUSPICIOUS_MOVE = YES;
				CLANG_WARN_UNGUARDED_AVAILABILITY = YES_AGGRESSIVE;
				CLANG_WARN_UNREACHABLE_CODE = YES;
				CLANG_WARN__DUPLICATE_METHOD_MATCH = YES;
				COPY_PHASE_STRIP = NO;
				DEBUG_INFORMATION_FORMAT = "dwarf-with-dsym";
				DEVELOPMENT_TEAM = PHF24UBX82;
				ENABLE_NS_ASSERTIONS = NO;
				ENABLE_STRICT_OBJC_MSGSEND = YES;
				ENABLE_USER_SCRIPT_SANDBOXING = YES;
				GCC_C_LANGUAGE_STANDARD = gnu17;
				GCC_NO_COMMON_BLOCKS = YES;
				GCC_WARN_64_TO_32_BIT_CONVERSION = YES;
				GCC_WARN_ABOUT_RETURN_TYPE = YES_ERROR;
				GCC_WARN_UNDECLARED_SELECTOR = YES;
				GCC_WARN_UNINITIALIZED_AUTOS = YES_AGGRESSIVE;
				GCC_WARN_UNUSED_FUNCTION = YES;
				GCC_WARN_UNUSED_VARIABLE = YES;
				IPHONEOS_DEPLOYMENT_TARGET = 18.4;
				LOCALIZATION_PREFERS_STRING_CATALOGS = YES;
				MTL_ENABLE_DEBUG_INFO = NO;
				MTL_FAST_MATH = YES;
				SDKROOT = iphoneos;
				SWIFT_COMPILATION_MODE = wholemodule;
				VALIDATE_PRODUCT = YES;
			};
			name = Release;
		};
		B3C467E82E3E914200BA6142 /* Debug */ = {
			isa = XCBuildConfiguration;
			buildSettings = {
				ASSETCATALOG_COMPILER_APPICON_NAME = AppIcon;
				ASSETCATALOG_COMPILER_GLOBAL_ACCENT_COLOR_NAME = AccentColor;
				CODE_SIGN_STYLE = Automatic;
				CURRENT_PROJECT_VERSION = 1;
				DEVELOPMENT_TEAM = PHF24UBX82;
				ENABLE_PREVIEWS = YES;
				GENERATE_INFOPLIST_FILE = YES;
				INFOPLIST_KEY_UIApplicationSceneManifest_Generation = YES;
				INFOPLIST_KEY_UIApplicationSupportsIndirectInputEvents = YES;
				INFOPLIST_KEY_UILaunchScreen_Generation = YES;
				INFOPLIST_KEY_UISupportedInterfaceOrientations_iPad = "UIInterfaceOrientationPortrait UIInterfaceOrientationPortraitUpsideDown UIInterfaceOrientationLandscapeLeft UIInterfaceOrientationLandscapeRight";
				INFOPLIST_KEY_UISupportedInterfaceOrientations_iPhone = "UIInterfaceOrientationPortrait UIInterfaceOrientationLandscapeLeft UIInterfaceOrientationLandscapeRight";
				LD_RUNPATH_SEARCH_PATHS = (
					"$(inherited)",
					"@executable_path/Frameworks",
				);
				MARKETING_VERSION = 1.0;
				PRODUCT_BUNDLE_IDENTIFIER = com.marioangelillo.UalaChallenge.UalaChallenge;
				PRODUCT_NAME = "$(TARGET_NAME)";
				SWIFT_EMIT_LOC_STRINGS = YES;
				SWIFT_VERSION = 5.0;
				TARGETED_DEVICE_FAMILY = "1,2";
			};
			name = Debug;
		};
		B3C467E92E3E914200BA6142 /* Release */ = {
			isa = XCBuildConfiguration;
			buildSettings = {
				ASSETCATALOG_COMPILER_APPICON_NAME = AppIcon;
				ASSETCATALOG_COMPILER_GLOBAL_ACCENT_COLOR_NAME = AccentColor;
				CODE_SIGN_STYLE = Automatic;
				CURRENT_PROJECT_VERSION = 1;
				DEVELOPMENT_TEAM = PHF24UBX82;
				ENABLE_PREVIEWS = YES;
				GENERATE_INFOPLIST_FILE = YES;
				INFOPLIST_KEY_UIApplicationSceneManifest_Generation = YES;
				INFOPLIST_KEY_UIApplicationSupportsIndirectInputEvents = YES;
				INFOPLIST_KEY_UILaunchScreen_Generation = YES;
				INFOPLIST_KEY_UISupportedInterfaceOrientations_iPad = "UIInterfaceOrientationPortrait UIInterfaceOrientationPortraitUpsideDown UIInterfaceOrientationLandscapeLeft UIInterfaceOrientationLandscapeRight";
				INFOPLIST_KEY_UISupportedInterfaceOrientations_iPhone = "UIInterfaceOrientationPortrait UIInterfaceOrientationLandscapeLeft UIInterfaceOrientationLandscapeRight";
				LD_RUNPATH_SEARCH_PATHS = (
					"$(inherited)",
					"@executable_path/Frameworks",
				);
				MARKETING_VERSION = 1.0;
				PRODUCT_BUNDLE_IDENTIFIER = com.marioangelillo.UalaChallenge.UalaChallenge;
				PRODUCT_NAME = "$(TARGET_NAME)";
				SWIFT_EMIT_LOC_STRINGS = YES;
				SWIFT_VERSION = 5.0;
				TARGETED_DEVICE_FAMILY = "1,2";
			};
			name = Release;
		};
		B3C467EB2E3E914200BA6142 /* Debug */ = {
			isa = XCBuildConfiguration;
			buildSettings = {
				BUNDLE_LOADER = "$(TEST_HOST)";
				CODE_SIGN_STYLE = Automatic;
				CURRENT_PROJECT_VERSION = 1;
				DEVELOPMENT_TEAM = PHF24UBX82;
				GENERATE_INFOPLIST_FILE = YES;
				IPHONEOS_DEPLOYMENT_TARGET = 18.4;
				MARKETING_VERSION = 1.0;
				PRODUCT_BUNDLE_IDENTIFIER = com.marioangelillo.UalaChallenge.UalaChallengeTests;
				PRODUCT_NAME = "$(TARGET_NAME)";
				SWIFT_EMIT_LOC_STRINGS = NO;
				SWIFT_VERSION = 5.0;
				TARGETED_DEVICE_FAMILY = "1,2";
				TEST_HOST = "$(BUILT_PRODUCTS_DIR)/UalaChallenge.app/$(BUNDLE_EXECUTABLE_FOLDER_PATH)/UalaChallenge";
			};
			name = Debug;
		};
		B3C467EC2E3E914200BA6142 /* Release */ = {
			isa = XCBuildConfiguration;
			buildSettings = {
				BUNDLE_LOADER = "$(TEST_HOST)";
				CODE_SIGN_STYLE = Automatic;
				CURRENT_PROJECT_VERSION = 1;
				DEVELOPMENT_TEAM = PHF24UBX82;
				GENERATE_INFOPLIST_FILE = YES;
				IPHONEOS_DEPLOYMENT_TARGET = 18.4;
				MARKETING_VERSION = 1.0;
				PRODUCT_BUNDLE_IDENTIFIER = com.marioangelillo.UalaChallenge.UalaChallengeTests;
				PRODUCT_NAME = "$(TARGET_NAME)";
				SWIFT_EMIT_LOC_STRINGS = NO;
				SWIFT_VERSION = 5.0;
				TARGETED_DEVICE_FAMILY = "1,2";
				TEST_HOST = "$(BUILT_PRODUCTS_DIR)/UalaChallenge.app/$(BUNDLE_EXECUTABLE_FOLDER_PATH)/UalaChallenge";
			};
			name = Release;
		};
		B3C467EE2E3E914200BA6142 /* Debug */ = {
			isa = XCBuildConfiguration;
			buildSettings = {
				CODE_SIGN_STYLE = Automatic;
				CURRENT_PROJECT_VERSION = 1;
				DEVELOPMENT_TEAM = PHF24UBX82;
				GENERATE_INFOPLIST_FILE = YES;
				MARKETING_VERSION = 1.0;
				PRODUCT_BUNDLE_IDENTIFIER = com.marioangelillo.UalaChallenge.UalaChallengeUITests;
				PRODUCT_NAME = "$(TARGET_NAME)";
				SWIFT_EMIT_LOC_STRINGS = NO;
				SWIFT_VERSION = 5.0;
				TARGETED_DEVICE_FAMILY = "1,2";
				TEST_TARGET_NAME = UalaChallenge;
			};
			name = Debug;
		};
		B3C467EF2E3E914200BA6142 /* Release */ = {
			isa = XCBuildConfiguration;
			buildSettings = {
				CODE_SIGN_STYLE = Automatic;
				CURRENT_PROJECT_VERSION = 1;
				DEVELOPMENT_TEAM = PHF24UBX82;
				GENERATE_INFOPLIST_FILE = YES;
				MARKETING_VERSION = 1.0;
				PRODUCT_BUNDLE_IDENTIFIER = com.marioangelillo.UalaChallenge.UalaChallengeUITests;
				PRODUCT_NAME = "$(TARGET_NAME)";
				SWIFT_EMIT_LOC_STRINGS = NO;
				SWIFT_VERSION = 5.0;
				TARGETED_DEVICE_FAMILY = "1,2";
				TEST_TARGET_NAME = UalaChallenge;
			};
			name = Release;
		};
/* End XCBuildConfiguration section */

/* Begin XCConfigurationList section */
		B3C467C12E3E914000BA6142 /* Build configuration list for PBXProject "UalaChallenge" */ = {
			isa = XCConfigurationList;
			buildConfigurations = (
				B3C467E52E3E914200BA6142 /* Debug */,
				B3C467E62E3E914200BA6142 /* Release */,
			);
			defaultConfigurationIsVisible = 0;
			defaultConfigurationName = Release;
		};
		B3C467E72E3E914200BA6142 /* Build configuration list for PBXNativeTarget "UalaChallenge" */ = {
			isa = XCConfigurationList;
			buildConfigurations = (
				B3C467E82E3E914200BA6142 /* Debug */,
				B3C467E92E3E914200BA6142 /* Release */,
			);
			defaultConfigurationIsVisible = 0;
			defaultConfigurationName = Release;
		};
		B3C467EA2E3E914200BA6142 /* Build configuration list for PBXNativeTarget "UalaChallengeTests" */ = {
			isa = XCConfigurationList;
			buildConfigurations = (
				B3C467EB2E3E914200BA6142 /* Debug */,
				B3C467EC2E3E914200BA6142 /* Release */,
			);
			defaultConfigurationIsVisible = 0;
			defaultConfigurationName = Release;
		};
		B3C467ED2E3E914200BA6142 /* Build configuration list for PBXNativeTarget "UalaChallengeUITests" */ = {
			isa = XCConfigurationList;
			buildConfigurations = (
				B3C467EE2E3E914200BA6142 /* Debug */,
				B3C467EF2E3E914200BA6142 /* Release */,
			);
			defaultConfigurationIsVisible = 0;
			defaultConfigurationName = Release;
		};
/* End XCConfigurationList section */
	};
	rootObject = B3C467BE2E3E914000BA6142 /* Project object */;
}
